
Microsoft Visual Studio Solution File, Format Version 12.00
# Visual Studio Version 16
VisualStudioVersion = 16.0.29326.143
MinimumVisualStudioVersion = 10.0.40219.1
Project("{9A19103F-16F7-4668-BE54-9A1E7A4F7556}") = "Send", "Send\Send.csproj", "{BCC6A4DC-8A13-4369-A725-4A330255A728}"
EndProject
Project("{9A19103F-16F7-4668-BE54-9A1E7A4F7556}") = "Receive", "Receive\Receive.csproj", "{062C525A-168D-4E04-8502-8F9C2FABB0AF}"
EndProject
Project("{FAE04EC0-301F-11D3-BF4B-00C04F79EFBC}") = "NewTask", "NewTask\NewTask.csproj", "{7A49614F-A4FB-4D45-B2F8-64A21A2D992D}"
EndProject
Project("{FAE04EC0-301F-11D3-BF4B-00C04F79EFBC}") = "Worker", "Worker\Worker.csproj", "{8D01E8DA-170B-40BD-86FF-FA9456AD9382}"
EndProject
Project("{FAE04EC0-301F-11D3-BF4B-00C04F79EFBC}") = "EmitLog", "EmitLog\EmitLog.csproj", "{651BDF39-0FB4-463B-829E-5F76C6475C30}"
EndProject
Project("{FAE04EC0-301F-11D3-BF4B-00C04F79EFBC}") = "ReceiveLog", "ReceiveLog\ReceiveLog.csproj", "{F7FEE681-B41F-4B90-8036-88775ADD2153}"
EndProject
Global
	GlobalSection(SolutionConfigurationPlatforms) = preSolution
		Debug|Any CPU = Debug|Any CPU
		Release|Any CPU = Release|Any CPU
	EndGlobalSection
	GlobalSection(ProjectConfigurationPlatforms) = postSolution
		{BCC6A4DC-8A13-4369-A725-4A330255A728}.Debug|Any CPU.ActiveCfg = Debug|Any CPU
		{BCC6A4DC-8A13-4369-A725-4A330255A728}.Debug|Any CPU.Build.0 = Debug|Any CPU
		{BCC6A4DC-8A13-4369-A725-4A330255A728}.Release|Any CPU.ActiveCfg = Release|Any CPU
		{BCC6A4DC-8A13-4369-A725-4A330255A728}.Release|Any CPU.Build.0 = Release|Any CPU
		{062C525A-168D-4E04-8502-8F9C2FABB0AF}.Debug|Any CPU.ActiveCfg = Debug|Any CPU
		{062C525A-168D-4E04-8502-8F9C2FABB0AF}.Debug|Any CPU.Build.0 = Debug|Any CPU
		{062C525A-168D-4E04-8502-8F9C2FABB0AF}.Release|Any CPU.ActiveCfg = Release|Any CPU
		{062C525A-168D-4E04-8502-8F9C2FABB0AF}.Release|Any CPU.Build.0 = Release|Any CPU
		{7A49614F-A4FB-4D45-B2F8-64A21A2D992D}.Debug|Any CPU.ActiveCfg = Debug|Any CPU
		{7A49614F-A4FB-4D45-B2F8-64A21A2D992D}.Debug|Any CPU.Build.0 = Debug|Any CPU
		{7A49614F-A4FB-4D45-B2F8-64A21A2D992D}.Release|Any CPU.ActiveCfg = Release|Any CPU
		{7A49614F-A4FB-4D45-B2F8-64A21A2D992D}.Release|Any CPU.Build.0 = Release|Any CPU
		{8D01E8DA-170B-40BD-86FF-FA9456AD9382}.Debug|Any CPU.ActiveCfg = Debug|Any CPU
		{8D01E8DA-170B-40BD-86FF-FA9456AD9382}.Debug|Any CPU.Build.0 = Debug|Any CPU
		{8D01E8DA-170B-40BD-86FF-FA9456AD9382}.Release|Any CPU.ActiveCfg = Release|Any CPU
		{8D01E8DA-170B-40BD-86FF-FA9456AD9382}.Release|Any CPU.Build.0 = Release|Any CPU
		{651BDF39-0FB4-463B-829E-5F76C6475C30}.Debug|Any CPU.ActiveCfg = Debug|Any CPU
		{651BDF39-0FB4-463B-829E-5F76C6475C30}.Debug|Any CPU.Build.0 = Debug|Any CPU
		{651BDF39-0FB4-463B-829E-5F76C6475C30}.Release|Any CPU.ActiveCfg = Release|Any CPU
		{651BDF39-0FB4-463B-829E-5F76C6475C30}.Release|Any CPU.Build.0 = Release|Any CPU
		{F7FEE681-B41F-4B90-8036-88775ADD2153}.Debug|Any CPU.ActiveCfg = Debug|Any CPU
		{F7FEE681-B41F-4B90-8036-88775ADD2153}.Debug|Any CPU.Build.0 = Debug|Any CPU
		{F7FEE681-B41F-4B90-8036-88775ADD2153}.Release|Any CPU.ActiveCfg = Release|Any CPU
		{F7FEE681-B41F-4B90-8036-88775ADD2153}.Release|Any CPU.Build.0 = Release|Any CPU
	EndGlobalSection
	GlobalSection(SolutionProperties) = preSolution
		HideSolutionNode = FALSE
	EndGlobalSection
	GlobalSection(ExtensibilityGlobals) = postSolution
		SolutionGuid = {5C94B03D-7650-4BF0-BB29-6F960706BA29}
	EndGlobalSection
EndGlobal
